Microsoft Visual Studio Solution File, Format Version 12.00
# Visual Studio Version 17
VisualStudioVersion = 17.5.2.0
MinimumVisualStudioVersion = 10.0.40219.1
Project("{FAE04EC0-301F-11D3-BF4B-00C04F79EFBC}") = "ICSAnomalyDetection_Console", "ICSAnomalyDetection_Console.csproj", "{27E1711C-D3B8-7912-BA60-93F093BFD7B0}"
EndProject
Global
	GlobalSection(SolutionConfigurationPlatforms) = preSolution
		Debug|Any CPU = Debug|Any CPU
		Release|Any CPU = Release|Any CPU
	EndGlobalSection
	GlobalSection(ProjectConfigurationPlatforms) = postSolution
		{27E1711C-D3B8-7912-BA60-93F093BFD7B0}.Debug|Any CPU.ActiveCfg = Debug|Any CPU
		{27E1711C-D3B8-7912-BA60-93F093BFD7B0}.Debug|Any CPU.Build.0 = Debug|Any CPU
		{27E1711C-D3B8-7912-BA60-93F093BFD7B0}.Release|Any CPU.ActiveCfg = Release|Any CPU
		{27E1711C-D3B8-7912-BA60-93F093BFD7B0}.Release|Any CPU.Build.0 = Release|Any CPU
	EndGlobalSection
	GlobalSection(SolutionProperties) = preSolution
		HideSolutionNode = FALSE
	EndGlobalSection
	GlobalSection(ExtensibilityGlobals) = postSolution
		SolutionGuid = {23275337-4483-424E-8053-CB937C2BC685}
	EndGlobalSection
EndGlobal
